
Microsoft Visual Studio Solution File, Format Version 12.00
# Visual Studio Version 17
VisualStudioVersion = 17.5.002.0
MinimumVisualStudioVersion = 10.0.40219.1
Project("{9A19103F-16F7-4668-BE54-9A1E7A4F7556}") = "IT_Ausleihe", "IT_Ausleihe.csproj", "{38E2F9C6-D801-4C53-80C8-A22174C872E6}"
EndProject
Global
	GlobalSection(SolutionConfigurationPlatforms) = preSolution
		Debug|Any CPU = Debug|Any CPU
		Release|Any CPU = Release|Any CPU
	EndGlobalSection
	GlobalSection(ProjectConfigurationPlatforms) = postSolution
		{38E2F9C6-D801-4C53-80C8-A22174C872E6}.Debug|Any CPU.ActiveCfg = Debug|Any CPU
		{38E2F9C6-D801-4C53-80C8-A22174C872E6}.Debug|Any CPU.Build.0 = Debug|Any CPU
		{38E2F9C6-D801-4C53-80C8-A22174C872E6}.Release|Any CPU.ActiveCfg = Release|Any CPU
		{38E2F9C6-D801-4C53-80C8-A22174C872E6}.Release|Any CPU.Build.0 = Release|Any CPU
	EndGlobalSection
	GlobalSection(SolutionProperties) = preSolution
		HideSolutionNode = FALSE
	EndGlobalSection
	GlobalSection(ExtensibilityGlobals) = postSolution
		SolutionGuid = {8F48061D-5726-4542-8158-805A21D788B8}
	EndGlobalSection
EndGlobal
